
Microsoft Visual Studio Solution File, Format Version 12.00
# Visual Studio Version 17
VisualStudioVersion = 17.5.002.0
MinimumVisualStudioVersion = 10.0.40219.1
Project("{9A19103F-16F7-4668-BE54-9A1E7A4F7556}") = "App011", "App011.csproj", "{71059FF9-776A-49A9-9B53-5A7BEEE20F3C}"
EndProject
Global
	GlobalSection(SolutionConfigurationPlatforms) = preSolution
		Debug|Any CPU = Debug|Any CPU
		Release|Any CPU = Release|Any CPU
	EndGlobalSection
	GlobalSection(ProjectConfigurationPlatforms) = postSolution
		{71059FF9-776A-49A9-9B53-5A7BEEE20F3C}.Debug|Any CPU.ActiveCfg = Debug|Any CPU
		{71059FF9-776A-49A9-9B53-5A7BEEE20F3C}.Debug|Any CPU.Build.0 = Debug|Any CPU
		{71059FF9-776A-49A9-9B53-5A7BEEE20F3C}.Release|Any CPU.ActiveCfg = Release|Any CPU
		{71059FF9-776A-49A9-9B53-5A7BEEE20F3C}.Release|Any CPU.Build.0 = Release|Any CPU
	EndGlobalSection
	GlobalSection(SolutionProperties) = preSolution
		HideSolutionNode = FALSE
	EndGlobalSection
	GlobalSection(ExtensibilityGlobals) = postSolution
		SolutionGuid = {EF7E660F-2B1A-460A-8942-16E04CB738D8}
	EndGlobalSection
EndGlobal
